{
  "requires": true,
  "lockfileVersion": 1,
  "dependencies": {
    "nanoscopic-js": {
      "version": "1.0.3",
      "resolved": "https://registry.npmjs.org/nanoscopic-js/-/nanoscopic-js-1.0.3.tgz",
      "integrity": "sha512-tS4KW7Adm83jqSdz4sHNhrX2UA56Wfjx5XnPM3q9STGPQa2cSlqkQWt7rPW8ENvPnJKc+gV/eNlSPIuUPhozlw=="
    }
  }
}
